{
  "requires": true,
  "lockfileVersion": 1,
  "dependencies": {
    "dialog-polyfill": {
      "version": "0.4.9",
      "resolved": "https://registry.npmjs.org/dialog-polyfill/-/dialog-polyfill-0.4.9.tgz",
      "integrity": "sha512-iM4ZXRLOA/qpbW6XznGOq7Iq58JoXhZGo+OMG8K3wFxvIatnMTnIancLGEKa6WYy6oTkndfb2UXQ6FGtoUBn1g=="
    },
    "jsts": {
      "version": "1.6.0",
      "resolved": "https://registry.npmjs.org/jsts/-/jsts-1.6.0.tgz",
      "integrity": "sha512-TRrJ+smXpk1QolSOnImI9YGPEX5tS34ZEW7Kz6sk0Z3f7Eto4/hcd62EY6tv2cIgtzcx14+lSesPpAUoSr5IQw=="
    },
    "sweetalert2": {
      "version": "7.15.1",
      "resolved": "https://registry.npmjs.org/sweetalert2/-/sweetalert2-7.15.1.tgz",
      "integrity": "sha1-7dm9TVUBsi4YdVaGo0PHr+PprbI="
    }
  }
}
